{
  "name": "@qelos/admin",
  "version": "3.11.0",
  "lockfileVersion": 3,
  "requires": true,
  "packages": {
    "": {
      "name": "@qelos/admin",
      "version": "3.11.0",
      "license": "MIT",
      "dependencies": {
        "express": "^4.19.2"
      }
    },
    "../../node_modules/.pnpm/@element-plus+icons-vue@2.3.2_vue@3.5.21_typescript@4.9.5_/node_modules/@element-plus/icons-vue": {
      "version": "2.3.2",
      "extraneous": true,
      "license": "MIT",
      "devDependencies": {
        "@element-plus/icons-svg": "2.3.2",
        "@pnpm/find-workspace-dir": "^1000.1.2",
        "@pnpm/find-workspace-packages": "^6.0.9",
        "@pnpm/logger": "^1001.0.0",
        "@types/fs-extra": "^11.0.4",
        "@types/node": "^24.2.0",
        "camelcase": "^8.0.0",
        "chalk": "^5.5.0",
        "consola": "^3.4.2",
        "esbuild": "^0.25.8",
        "esbuild-plugin-globals": "^0.2.0",
        "fast-glob": "^3.3.3",
        "fs-extra": "^11.3.0",
        "npm-run-all": "^4.1.5",
        "prettier": "^3.6.2",
        "tsx": "^4.20.3",
        "typescript": "^5.9.2",
        "unplugin-vue": "^7.0.1",
        "vue": "^3.5.18",
        "vue-tsc": "^3.0.5"
      },
      "peerDependencies": {
        "vue": "^3.2.0"
      }
    },
    "../../node_modules/.pnpm/@fortawesome+fontawesome-svg-core@6.7.2/node_modules/@fortawesome/fontawesome-svg-core": {
      "version": "6.7.2",
      "extraneous": true,
      "license": "MIT",
      "dependencies": {
        "@fortawesome/fontawesome-common-types": "6.7.2"
      },
      "engines": {
        "node": ">=6"
      }
    },
    "../../node_modules/.pnpm/@fortawesome+free-brands-svg-icons@6.7.2/node_modules/@fortawesome/free-brands-svg-icons": {
      "version": "6.7.2",
      "extraneous": true,
      "license": "(CC-BY-4.0 AND MIT)",
      "dependencies": {
        "@fortawesome/fontawesome-common-types": "6.7.2"
      },
      "engines": {
        "node": ">=6"
      }
    },
    "../../node_modules/.pnpm/@fortawesome+free-regular-svg-icons@6.7.2/node_modules/@fortawesome/free-regular-svg-icons": {
      "version": "6.7.2",
      "extraneous": true,
      "license": "(CC-BY-4.0 AND MIT)",
      "dependencies": {
        "@fortawesome/fontawesome-common-types": "6.7.2"
      },
      "engines": {
        "node": ">=6"
      }
    },
    "../../node_modules/.pnpm/@fortawesome+free-solid-svg-icons@6.7.2/node_modules/@fortawesome/free-solid-svg-icons": {
      "version": "6.7.2",
      "extraneous": true,
      "license": "(CC-BY-4.0 AND MIT)",
      "dependencies": {
        "@fortawesome/fontawesome-common-types": "6.7.2"
      },
      "engines": {
        "node": ">=6"
      }
    },
    "../../node_modules/.pnpm/@fortawesome+vue-fontawesome@3.1.3_@fortawesome+fontawesome-svg-core@6.7.2_vue@3.5.21_typescript@4.9.5_/node_modules/@fortawesome/vue-fontawesome": {
      "version": "3.1.3",
      "extraneous": true,
      "license": "MIT",
      "devDependencies": {
        "@babel/core": "^7.18.2",
        "@babel/plugin-external-helpers": "^7.17.12",
        "@babel/plugin-proposal-class-properties": "^7.17.12",
        "@babel/plugin-proposal-json-strings": "^7.17.12",
        "@babel/plugin-syntax-dynamic-import": "^7.8.3",
        "@babel/plugin-syntax-import-meta": "^7.10.4",
        "@babel/preset-env": "^7.18.2",
        "@fortawesome/fontawesome-svg-core": "^7.0.0",
        "@fortawesome/free-brands-svg-icons": "^7.0.0",
        "@fortawesome/free-solid-svg-icons": "^7.0.0",
        "@rollup/plugin-babel": "^5.3.1",
        "@rollup/plugin-commonjs": "^22.0.0",
        "@rollup/plugin-node-resolve": "^13.3.0",
        "@vue/test-utils": "^2.4.6",
        "babel-core": "^7.0.0-bridge.0",
        "concurrently": "^7.2.1",
        "cross-env": "^7.0.3",
        "humps": "^2.0.1",
        "husky": "^8.0.1",
        "install": "^0.13.0",
        "jsdom": "^22.1.0",
        "lint-staged": "^13.0.0",
        "markdown-toc": "^1.2.0",
        "npm": "^10.2.2",
        "prettier": "^3.0.3",
        "rollup": "^2.75.6",
        "vitest": "^4.0.16",
        "vue": "^3.0.0"
      },
      "peerDependencies": {
        "@fortawesome/fontawesome-svg-core": "~1 || ~6 || ~7",
        "vue": ">= 3.0.0 < 4"
      }
    },
    "../../node_modules/.pnpm/@primevue+themes@4.5.4/node_modules/@primevue/themes": {
      "version": "4.5.4",
      "extraneous": true,
      "license": "MIT",
      "dependencies": {
        "@primeuix/styled": "^0.7.4",
        "@primeuix/themes": "^2.0.2"
      },
      "engines": {
        "node": ">=12.11.0"
      }
    },
    "../../node_modules/.pnpm/@sentry+vue@9.47.1_pinia@3.0.4_typescript@4.9.5_vue@3.5.21_typescript@4.9.5___vue@3.5.21_typescript@4.9.5_/node_modules/@sentry/vue": {
      "version": "9.47.1",
      "extraneous": true,
      "license": "MIT",
      "dependencies": {
        "@sentry/browser": "9.47.1",
        "@sentry/core": "9.47.1"
      },
      "devDependencies": {
        "vue": "~3.2.41"
      },
      "engines": {
        "node": ">=18"
      },
      "peerDependencies": {
        "pinia": "2.x || 3.x",
        "vue": "2.x || 3.x"
      },
      "peerDependenciesMeta": {
        "pinia": {
          "optional": true
        }
      }
    },
    "../../node_modules/.pnpm/@tiptap+extension-color@2.27.2_@tiptap+core@2.27.2_@tiptap+pm@2.27.2__@tiptap+extension_d961dd9deb201d60742e19b1ccb4e80a/node_modules/@tiptap/extension-color": {
      "version": "2.27.2",
      "extraneous": true,
      "license": "MIT",
      "devDependencies": {
        "@tiptap/core": "^2.27.2",
        "@tiptap/extension-text-style": "^2.27.2"
      },
      "funding": {
        "type": "github",
        "url": "https://github.com/sponsors/ueberdosis"
      },
      "peerDependencies": {
        "@tiptap/core": "^2.7.0",
        "@tiptap/extension-text-style": "^2.7.0"
      }
    },
    "../../node_modules/.pnpm/@tiptap+extension-highlight@2.27.2_@tiptap+core@2.27.2_@tiptap+pm@2.27.2_/node_modules/@tiptap/extension-highlight": {
      "version": "2.27.2",
      "extraneous": true,
      "license": "MIT",
      "devDependencies": {
        "@tiptap/core": "^2.27.2"
      },
      "funding": {
        "type": "github",
        "url": "https://github.com/sponsors/ueberdosis"
      },
      "peerDependencies": {
        "@tiptap/core": "^2.7.0"
      }
    },
    "../../node_modules/.pnpm/@tiptap+extension-image@2.27.2_@tiptap+core@2.27.2_@tiptap+pm@2.27.2_/node_modules/@tiptap/extension-image": {
      "version": "2.27.2",
      "extraneous": true,
      "license": "MIT",
      "devDependencies": {
        "@tiptap/core": "^2.27.2"
      },
      "funding": {
        "type": "github",
        "url": "https://github.com/sponsors/ueberdosis"
      },
      "peerDependencies": {
        "@tiptap/core": "^2.7.0"
      }
    },
    "../../node_modules/.pnpm/@tiptap+extension-link@2.27.2_@tiptap+core@2.27.2_@tiptap+pm@2.27.2__@tiptap+pm@2.27.2/node_modules/@tiptap/extension-link": {
      "version": "2.27.2",
      "extraneous": true,
      "license": "MIT",
      "dependencies": {
        "linkifyjs": "^4.3.2"
      },
      "devDependencies": {
        "@tiptap/core": "^2.27.2",
        "@tiptap/pm": "^2.27.2"
      },
      "funding": {
        "type": "github",
        "url": "https://github.com/sponsors/ueberdosis"
      },
      "peerDependencies": {
        "@tiptap/core": "^2.7.0",
        "@tiptap/pm": "^2.7.0"
      }
    },
    "../../node_modules/.pnpm/@tiptap+extension-table-cell@2.27.2_@tiptap+core@2.27.2_@tiptap+pm@2.27.2_/node_modules/@tiptap/extension-table-cell": {
      "version": "2.27.2",
      "extraneous": true,
      "license": "MIT",
      "devDependencies": {
        "@tiptap/core": "^2.27.2"
      },
      "funding": {
        "type": "github",
        "url": "https://github.com/sponsors/ueberdosis"
      },
      "peerDependencies": {
        "@tiptap/core": "^2.7.0"
      }
    },
    "../../node_modules/.pnpm/@tiptap+extension-table-header@2.27.2_@tiptap+core@2.27.2_@tiptap+pm@2.27.2_/node_modules/@tiptap/extension-table-header": {
      "version": "2.27.2",
      "extraneous": true,
      "license": "MIT",
      "devDependencies": {
        "@tiptap/core": "^2.27.2"
      },
      "funding": {
        "type": "github",
        "url": "https://github.com/sponsors/ueberdosis"
      },
      "peerDependencies": {
        "@tiptap/core": "^2.7.0"
      }
    },
    "../../node_modules/.pnpm/@tiptap+extension-table-row@2.27.2_@tiptap+core@2.27.2_@tiptap+pm@2.27.2_/node_modules/@tiptap/extension-table-row": {
      "version": "2.27.2",
      "extraneous": true,
      "license": "MIT",
      "devDependencies": {
        "@tiptap/core": "^2.27.2"
      },
      "funding": {
        "type": "github",
        "url": "https://github.com/sponsors/ueberdosis"
      },
      "peerDependencies": {
        "@tiptap/core": "^2.7.0"
      }
    },
    "../../node_modules/.pnpm/@tiptap+extension-table@2.27.2_@tiptap+core@2.27.2_@tiptap+pm@2.27.2__@tiptap+pm@2.27.2/node_modules/@tiptap/extension-table": {
      "version": "2.27.2",
      "extraneous": true,
      "license": "MIT",
      "devDependencies": {
        "@tiptap/core": "^2.27.2",
        "@tiptap/pm": "^2.27.2"
      },
      "funding": {
        "type": "github",
        "url": "https://github.com/sponsors/ueberdosis"
      },
      "peerDependencies": {
        "@tiptap/core": "^2.7.0",
        "@tiptap/pm": "^2.7.0"
      }
    },
    "../../node_modules/.pnpm/@tiptap+extension-text-align@2.27.2_@tiptap+core@2.27.2_@tiptap+pm@2.27.2_/node_modules/@tiptap/extension-text-align": {
      "version": "2.27.2",
      "extraneous": true,
      "license": "MIT",
      "devDependencies": {
        "@tiptap/core": "^2.27.2"
      },
      "funding": {
        "type": "github",
        "url": "https://github.com/sponsors/ueberdosis"
      },
      "peerDependencies": {
        "@tiptap/core": "^2.7.0"
      }
    },
    "../../node_modules/.pnpm/@tiptap+extension-text-style@2.27.2_@tiptap+core@2.27.2_@tiptap+pm@2.27.2_/node_modules/@tiptap/extension-text-style": {
      "version": "2.27.2",
      "extraneous": true,
      "license": "MIT",
      "devDependencies": {
        "@tiptap/core": "^2.27.2"
      },
      "funding": {
        "type": "github",
        "url": "https://github.com/sponsors/ueberdosis"
      },
      "peerDependencies": {
        "@tiptap/core": "^2.7.0"
      }
    },
    "../../node_modules/.pnpm/@tiptap+extension-underline@2.27.2_@tiptap+core@2.27.2_@tiptap+pm@2.27.2_/node_modules/@tiptap/extension-underline": {
      "version": "2.27.2",
      "extraneous": true,
      "license": "MIT",
      "devDependencies": {
        "@tiptap/core": "^2.27.2"
      },
      "funding": {
        "type": "github",
        "url": "https://github.com/sponsors/ueberdosis"
      },
      "peerDependencies": {
        "@tiptap/core": "^2.7.0"
      }
    },
    "../../node_modules/.pnpm/@tiptap+pm@2.27.2/node_modules/@tiptap/pm": {
      "version": "2.27.2",
      "extraneous": true,
      "license": "MIT",
      "dependencies": {
        "prosemirror-changeset": "^2.3.0",
        "prosemirror-collab": "^1.3.1",
        "prosemirror-commands": "^1.6.2",
        "prosemirror-dropcursor": "^1.8.1",
        "prosemirror-gapcursor": "^1.3.2",
        "prosemirror-history": "^1.4.1",
        "prosemirror-inputrules": "^1.4.0",
        "prosemirror-keymap": "^1.2.2",
        "prosemirror-markdown": "^1.13.1",
        "prosemirror-menu": "^1.2.4",
        "prosemirror-model": "^1.23.0",
        "prosemirror-schema-basic": "^1.2.3",
        "prosemirror-schema-list": "^1.4.1",
        "prosemirror-state": "^1.4.3",
        "prosemirror-tables": "^1.6.4",
        "prosemirror-trailing-node": "^3.0.0",
        "prosemirror-transform": "^1.10.2",
        "prosemirror-view": "^1.37.0"
      },
      "funding": {
        "type": "github",
        "url": "https://github.com/sponsors/ueberdosis"
      }
    },
    "../../node_modules/.pnpm/@tiptap+starter-kit@2.27.2/node_modules/@tiptap/starter-kit": {
      "version": "2.27.2",
      "extraneous": true,
      "license": "MIT",
      "dependencies": {
        "@tiptap/core": "^2.27.2",
        "@tiptap/extension-blockquote": "^2.27.2",
        "@tiptap/extension-bold": "^2.27.2",
        "@tiptap/extension-bullet-list": "^2.27.2",
        "@tiptap/extension-code": "^2.27.2",
        "@tiptap/extension-code-block": "^2.27.2",
        "@tiptap/extension-document": "^2.27.2",
        "@tiptap/extension-dropcursor": "^2.27.2",
        "@tiptap/extension-gapcursor": "^2.27.2",
        "@tiptap/extension-hard-break": "^2.27.2",
        "@tiptap/extension-heading": "^2.27.2",
        "@tiptap/extension-history": "^2.27.2",
        "@tiptap/extension-horizontal-rule": "^2.27.2",
        "@tiptap/extension-italic": "^2.27.2",
        "@tiptap/extension-list-item": "^2.27.2",
        "@tiptap/extension-ordered-list": "^2.27.2",
        "@tiptap/extension-paragraph": "^2.27.2",
        "@tiptap/extension-strike": "^2.27.2",
        "@tiptap/extension-text": "^2.27.2",
        "@tiptap/extension-text-style": "^2.27.2",
        "@tiptap/pm": "^2.27.2"
      },
      "funding": {
        "type": "github",
        "url": "https://github.com/sponsors/ueberdosis"
      }
    },
    "../../node_modules/.pnpm/@tiptap+vue-3@2.27.2_@tiptap+core@2.27.2_@tiptap+pm@2.27.2__@tiptap+pm@2.27.2_vue@3.5.21_typescript@4.9.5_/node_modules/@tiptap/vue-3": {
      "version": "2.27.2",
      "extraneous": true,
      "license": "MIT",
      "dependencies": {
        "@tiptap/extension-bubble-menu": "^2.27.2",
        "@tiptap/extension-floating-menu": "^2.27.2"
      },
      "devDependencies": {
        "@tiptap/core": "^2.27.2",
        "@tiptap/pm": "^2.27.2",
        "vue": "^3.0.0"
      },
      "funding": {
        "type": "github",
        "url": "https://github.com/sponsors/ueberdosis"
      },
      "peerDependencies": {
        "@tiptap/core": "^2.7.0",
        "@tiptap/pm": "^2.7.0",
        "vue": "^3.0.0"
      }
    },
    "../../node_modules/.pnpm/@types+remarkable@2.0.8/node_modules/@types/remarkable": {
      "version": "2.0.8",
      "extraneous": true,
      "license": "MIT"
    },
    "../../node_modules/.pnpm/@vitejs+plugin-vue@6.0.1_vite@7.3.1_@types+node@22.18.0_sass@1.92.0_tsx@4.21.0_yaml@2.8.1__vue@3.5.21_typescript@4.9.5_/node_modules/@vitejs/plugin-vue": {
      "version": "6.0.1",
      "extraneous": true,
      "license": "MIT",
      "dependencies": {
        "@rolldown/pluginutils": "1.0.0-beta.29"
      },
      "devDependencies": {
        "@jridgewell/gen-mapping": "^0.3.12",
        "@jridgewell/trace-mapping": "^0.3.29",
        "debug": "^4.4.1",
        "rollup": "^4.45.1",
        "slash": "^5.1.0",
        "source-map-js": "^1.2.1",
        "tsdown": "^0.13.0",
        "vite": "^7.0.5",
        "vue": "^3.5.18"
      },
      "engines": {
        "node": "^20.19.0 || >=22.12.0"
      },
      "peerDependencies": {
        "vite": "^5.0.0 || ^6.0.0 || ^7.0.0",
        "vue": "^3.2.25"
      }
    },
    "../../node_modules/.pnpm/axios@1.12.2/node_modules/axios": {
      "version": "1.12.2",
      "extraneous": true,
      "license": "MIT",
      "dependencies": {
        "follow-redirects": "^1.15.6",
        "form-data": "^4.0.4",
        "proxy-from-env": "^1.1.0"
      },
      "devDependencies": {
        "@babel/core": "^7.23.9",
        "@babel/preset-env": "^7.23.9",
        "@commitlint/cli": "^17.8.1",
        "@commitlint/config-conventional": "^17.8.1",
        "@release-it/conventional-changelog": "^5.1.1",
        "@rollup/plugin-alias": "^5.1.0",
        "@rollup/plugin-babel": "^5.3.1",
        "@rollup/plugin-commonjs": "^15.1.0",
        "@rollup/plugin-json": "^4.1.0",
        "@rollup/plugin-multi-entry": "^4.1.0",
        "@rollup/plugin-node-resolve": "^9.0.0",
        "abortcontroller-polyfill": "^1.7.5",
        "auto-changelog": "^2.4.0",
        "body-parser": "^1.20.2",
        "chalk": "^5.3.0",
        "coveralls": "^3.1.1",
        "cross-env": "^7.0.3",
        "dev-null": "^0.1.1",
        "dtslint": "^4.2.1",
        "es6-promise": "^4.2.8",
        "eslint": "^8.56.0",
        "express": "^4.18.2",
        "formdata-node": "^5.0.1",
        "formidable": "^2.1.2",
        "fs-extra": "^10.1.0",
        "get-stream": "^3.0.0",
        "gulp": "^4.0.2",
        "handlebars": "^4.7.8",
        "husky": "^8.0.3",
        "istanbul-instrumenter-loader": "^3.0.1",
        "jasmine-core": "^2.99.1",
        "karma": "^6.3.17",
        "karma-chrome-launcher": "^3.2.0",
        "karma-firefox-launcher": "^2.1.2",
        "karma-jasmine": "^1.1.2",
        "karma-jasmine-ajax": "^0.1.13",
        "karma-rollup-preprocessor": "^7.0.8",
        "karma-safari-launcher": "^1.0.0",
        "karma-sauce-launcher": "^4.3.6",
        "karma-sinon": "^1.0.5",
        "karma-sourcemap-loader": "^0.3.8",
        "memoizee": "^0.4.15",
        "minimist": "^1.2.8",
        "mocha": "^10.3.0",
        "multer": "^1.4.4",
        "pacote": "^20.0.0",
        "pretty-bytes": "^6.1.1",
        "release-it": "^15.11.0",
        "rollup": "^2.79.1",
        "rollup-plugin-auto-external": "^2.0.0",
        "rollup-plugin-bundle-size": "^1.0.3",
        "rollup-plugin-terser": "^7.0.2",
        "sinon": "^4.5.0",
        "stream-throttle": "^0.1.3",
        "string-replace-async": "^3.0.2",
        "tar-stream": "^3.1.7",
        "terser-webpack-plugin": "^4.2.3",
        "typescript": "^4.9.5"
      }
    },
    "../../node_modules/.pnpm/echarts@5.6.0/node_modules/echarts": {
      "version": "5.6.0",
      "extraneous": true,
      "license": "Apache-2.0",
      "dependencies": {
        "tslib": "2.3.0",
        "zrender": "5.6.1"
      },
      "devDependencies": {
        "@babel/code-frame": "7.10.4",
        "@babel/core": "7.3.4",
        "@babel/types": "7.10.5",
        "@definitelytyped/typescript-versions": "^0.1.1",
        "@definitelytyped/utils": "0.0.188",
        "@lang/rollup-plugin-dts": "2.0.2",
        "@microsoft/api-extractor": "7.31.2",
        "@rollup/plugin-commonjs": "^17.0.0",
        "@rollup/plugin-node-resolve": "^11.0.0",
        "@rollup/plugin-replace": "^2.3.4",
        "@types/jest": "^26.0.14",
        "@typescript-eslint/eslint-plugin": "^4.33.0",
        "@typescript-eslint/parser": "^4.33.0",
        "chalk": "^3.0.0",
        "commander": "2.11.0",
        "dtslint": "^4.0.5",
        "esbuild": "^0.8.39",
        "eslint": "^7.15.0",
        "fs-extra": "^10.0.0",
        "globby": "11.0.0",
        "husky": "^8.0.3",
        "jest": "^26.6.1",
        "jest-canvas-mock": "^2.5.0",
        "jshint": "2.13.5",
        "magic-string": "^0.25.7",
        "open": "6.4.0",
        "rollup": "2.34.2",
        "rollup-plugin-terser": "^7.0.2",
        "seedrandom": "3.0.3",
        "semver": "6.3.0",
        "terser": "^5.16.1",
        "ts-jest": "^26.4.3",
        "typescript": "4.4.3"
      }
    },
    "../../node_modules/.pnpm/element-plus@2.11.9_vue@3.5.21_typescript@4.9.5_/node_modules/element-plus": {
      "version": "2.11.9",
      "extraneous": true,
      "license": "MIT",
      "dependencies": {
        "@ctrl/tinycolor": "^3.4.1",
        "@element-plus/icons-vue": "^2.3.2",
        "@floating-ui/dom": "^1.0.1",
        "@popperjs/core": "npm:@sxzz/popperjs-es@^2.11.7",
        "@types/lodash": "^4.17.20",
        "@types/lodash-es": "^4.17.12",
        "@vueuse/core": "^9.1.0",
        "async-validator": "^4.2.5",
        "dayjs": "^1.11.19",
        "lodash": "^4.17.21",
        "lodash-es": "^4.17.21",
        "lodash-unified": "^1.0.3",
        "memoize-one": "^6.0.0",
        "normalize-wheel-es": "^1.2.0"
      },
      "devDependencies": {
        "@types/node": "*",
        "csstype": "^2.6.20",
        "vue": "^3.2.37",
        "vue-router": "^4.0.16"
      },
      "peerDependencies": {
        "vue": "^3.2.0"
      }
    },
    "../../node_modules/.pnpm/express@4.19.2/node_modules/express": {
      "version": "4.19.2",
      "license": "MIT",
      "dependencies": {
        "accepts": "~1.3.8",
        "array-flatten": "1.1.1",
        "body-parser": "1.20.2",
        "content-disposition": "0.5.4",
        "content-type": "~1.0.4",
        "cookie": "0.6.0",
        "cookie-signature": "1.0.6",
        "debug": "2.6.9",
        "depd": "2.0.0",
        "encodeurl": "~1.0.2",
        "escape-html": "~1.0.3",
        "etag": "~1.8.1",
        "finalhandler": "1.2.0",
        "fresh": "0.5.2",
        "http-errors": "2.0.0",
        "merge-descriptors": "1.0.1",
        "methods": "~1.1.2",
        "on-finished": "2.4.1",
        "parseurl": "~1.3.3",
        "path-to-regexp": "0.1.7",
        "proxy-addr": "~2.0.7",
        "qs": "6.11.0",
        "range-parser": "~1.2.1",
        "safe-buffer": "5.2.1",
        "send": "0.18.0",
        "serve-static": "1.15.0",
        "setprototypeof": "1.2.0",
        "statuses": "2.0.1",
        "type-is": "~1.6.18",
        "utils-merge": "1.0.1",
        "vary": "~1.1.2"
      },
      "devDependencies": {
        "after": "0.8.2",
        "connect-redis": "3.4.2",
        "cookie-parser": "1.4.6",
        "cookie-session": "2.0.0",
        "ejs": "3.1.9",
        "eslint": "8.47.0",
        "express-session": "1.17.2",
        "hbs": "4.2.0",
        "marked": "0.7.0",
        "method-override": "3.0.0",
        "mocha": "10.2.0",
        "morgan": "1.10.0",
        "nyc": "15.1.0",
        "pbkdf2-password": "1.2.1",
        "supertest": "6.3.0",
        "vhost": "~3.0.2"
      },
      "engines": {
        "node": ">= 0.10.0"
      }
    },
    "../../node_modules/.pnpm/lodash-es@4.17.21/node_modules/lodash-es": {
      "version": "4.17.21",
      "extraneous": true,
      "license": "MIT"
    },
    "../../node_modules/.pnpm/lodash.debounce@4.0.8/node_modules/lodash.debounce": {
      "version": "4.0.8",
      "extraneous": true,
      "license": "MIT"
    },
    "../../node_modules/.pnpm/lodash.kebabcase@4.1.1/node_modules/lodash.kebabcase": {
      "version": "4.1.1",
      "extraneous": true,
      "license": "MIT"
    },
    "../../node_modules/.pnpm/monaco-editor@0.52.2/node_modules/monaco-editor": {
      "version": "0.52.2",
      "extraneous": true,
      "license": "MIT",
      "devDependencies": {
        "@types/mocha": "^9.1.0",
        "@types/shelljs": "^0.8.11",
        "@typescript/vfs": "^1.3.5",
        "chai": "^4.3.6",
        "clean-css": "^5.2.4",
        "css-loader": "^6.7.1",
        "esbuild": "^0.20.0",
        "esbuild-plugin-alias": "^0.2.1",
        "file-loader": "^6.2.0",
        "glob": "^7.2.0",
        "http-server": "^14.1.1",
        "husky": "^7.0.4",
        "jsdom": "^19.0.0",
        "jsonc-parser": "^3.0.0",
        "mocha": "^9.2.0",
        "monaco-editor-core": "0.52.2",
        "parcel": "^2.7.0",
        "pin-github-action": "^1.8.0",
        "playwright": "^1.32.2",
        "prettier": "^2.5.1",
        "pretty-quick": "^3.1.3",
        "requirejs": "^2.3.6",
        "shelljs": "^0.8.5",
        "style-loader": "^3.3.1",
        "terser": "^5.14.2",
        "ts-node": "^10.6.0",
        "typescript": "^5.4.5",
        "vite": "^3.2.8",
        "vscode-css-languageservice": "6.2.14",
        "vscode-html-languageservice": "5.2.0",
        "vscode-json-languageservice": "5.3.11",
        "vscode-languageserver-textdocument": "^1.0.11",
        "vscode-languageserver-types": "3.17.5",
        "vscode-uri": "3.0.8",
        "webpack": "^5.76.0",
        "yaserver": "^0.4.0"
      }
    },
    "../../node_modules/.pnpm/pinia@3.0.4_typescript@4.9.5_vue@3.5.21_typescript@4.9.5_/node_modules/pinia": {
      "version": "3.0.4",
      "extraneous": true,
      "license": "MIT",
      "dependencies": {
        "@vue/devtools-api": "^7.7.7"
      },
      "devDependencies": {
        "@microsoft/api-extractor": "7.53.3",
        "@vue/test-utils": "^2.4.6"
      },
      "funding": {
        "url": "https://github.com/sponsors/posva"
      },
      "peerDependencies": {
        "typescript": ">=4.5.0",
        "vue": "^3.5.11"
      },
      "peerDependenciesMeta": {
        "typescript": {
          "optional": true
        }
      }
    },
    "../../node_modules/.pnpm/primevue@4.5.4_vue@3.5.21_typescript@4.9.5_/node_modules/primevue": {
      "version": "4.5.4",
      "extraneous": true,
      "license": "MIT",
      "dependencies": {
        "@primeuix/styled": "^0.7.4",
        "@primeuix/styles": "^2.0.2",
        "@primeuix/utils": "^0.6.2",
        "@primevue/core": "4.5.4",
        "@primevue/icons": "4.5.4"
      },
      "engines": {
        "node": ">=12.11.0"
      }
    },
    "../../node_modules/.pnpm/remarkable@2.0.1/node_modules/remarkable": {
      "version": "2.0.1",
      "extraneous": true,
      "license": "MIT",
      "dependencies": {
        "argparse": "^1.0.10",
        "autolinker": "^3.11.0"
      },
      "bin": {
        "remarkable": "bin/remarkable.js"
      },
      "devDependencies": {
        "ansi": "^0.3.0",
        "benchmark": "^1.0.0",
        "commonmark": "0.12.0",
        "eslint": "^6.1.0",
        "eslint-plugin-es5": "^1.4.1",
        "esm": "^3.2.25",
        "gulp-format-md": "^0.1.10",
        "highlight.js": "^9.7.0",
        "marked": "0.3.2",
        "mocha": "^6.1.4",
        "nyc": "^14.1.1",
        "rollup": "^1.16.7",
        "rollup-plugin-json": "^4.0.0",
        "rollup-plugin-node-resolve": "^5.2.0",
        "rollup-plugin-terser": "^5.1.1",
        "serve": "^11.1.0"
      },
      "engines": {
        "node": ">= 6.0.0"
      }
    },
    "../../node_modules/.pnpm/sass@1.92.0/node_modules/sass": {
      "version": "1.92.0",
      "extraneous": true,
      "license": "MIT",
      "dependencies": {
        "chokidar": "^4.0.0",
        "immutable": "^5.0.2",
        "source-map-js": ">=0.6.2 <2.0.0"
      },
      "bin": {
        "sass": "sass.js"
      },
      "engines": {
        "node": ">=14.0.0"
      },
      "optionalDependencies": {
        "@parcel/watcher": "^2.4.1"
      }
    },
    "../../node_modules/.pnpm/typescript@4.9.5/node_modules/typescript": {
      "version": "4.9.5",
      "extraneous": true,
      "license": "Apache-2.0",
      "bin": {
        "tsc": "bin/tsc",
        "tsserver": "bin/tsserver"
      },
      "devDependencies": {
        "@octokit/rest": "latest",
        "@types/chai": "latest",
        "@types/fancy-log": "^2.0.0",
        "@types/fs-extra": "^9.0.13",
        "@types/glob": "latest",
        "@types/gulp": "^4.0.9",
        "@types/gulp-concat": "latest",
        "@types/gulp-newer": "latest",
        "@types/gulp-rename": "latest",
        "@types/gulp-sourcemaps": "latest",
        "@types/merge2": "latest",
        "@types/microsoft__typescript-etw": "latest",
        "@types/minimist": "latest",
        "@types/mkdirp": "latest",
        "@types/mocha": "latest",
        "@types/ms": "latest",
        "@types/node": "latest",
        "@types/source-map-support": "latest",
        "@types/which": "^2.0.1",
        "@types/xml2js": "^0.4.11",
        "@typescript-eslint/eslint-plugin": "^5.33.1",
        "@typescript-eslint/parser": "^5.33.1",
        "@typescript-eslint/utils": "^5.33.1",
        "azure-devops-node-api": "^11.2.0",
        "chai": "latest",
        "chalk": "^4.1.2",
        "del": "^6.1.1",
        "diff": "^5.1.0",
        "eslint": "^8.22.0",
        "eslint-formatter-autolinkable-stylish": "^1.2.0",
        "eslint-plugin-import": "^2.26.0",
        "eslint-plugin-jsdoc": "^39.3.6",
        "eslint-plugin-local": "^1.0.0",
        "eslint-plugin-no-null": "^1.0.2",
        "fancy-log": "latest",
        "fs-extra": "^9.1.0",
        "glob": "latest",
        "gulp": "^4.0.2",
        "gulp-concat": "latest",
        "gulp-insert": "latest",
        "gulp-newer": "latest",
        "gulp-rename": "latest",
        "gulp-sourcemaps": "latest",
        "merge2": "latest",
        "minimist": "latest",
        "mkdirp": "latest",
        "mocha": "latest",
        "mocha-fivemat-progress-reporter": "latest",
        "ms": "^2.1.3",
        "node-fetch": "^3.2.10",
        "source-map-support": "latest",
        "typescript": "^4.8.4",
        "vinyl": "latest",
        "which": "^2.0.2",
        "xml2js": "^0.4.23"
      },
      "engines": {
        "node": ">=4.2.0"
      }
    },
    "../../node_modules/.pnpm/unplugin-vue-components@29.2.0_@babel+parser@7.28.3_vue@3.5.21_typescript@4.9.5_/node_modules/unplugin-vue-components": {
      "version": "29.2.0",
      "extraneous": true,
      "license": "MIT",
      "dependencies": {
        "chokidar": "^3.6.0",
        "debug": "^4.4.3",
        "local-pkg": "^1.1.2",
        "magic-string": "^0.30.19",
        "mlly": "^1.8.0",
        "tinyglobby": "^0.2.15",
        "unplugin": "^2.3.10",
        "unplugin-utils": "^0.3.1"
      },
      "devDependencies": {
        "@antfu/eslint-config": "^6.0.0",
        "@antfu/utils": "^9.3.0",
        "@babel/parser": "^7.28.4",
        "@babel/types": "^7.28.4",
        "@nuxt/kit": "^4.1.3",
        "@nuxt/schema": "^4.1.3",
        "@types/debug": "^4.1.12",
        "@types/minimatch": "^6.0.0",
        "@types/node": "^24.8.1",
        "bumpp": "^10.3.1",
        "compare-versions": "^6.1.1",
        "element-plus": "^2.11.5",
        "eslint": "^9.38.0",
        "eslint-plugin-format": "^1.0.2",
        "esno": "^4.8.0",
        "estree-walker": "^3.0.3",
        "minimatch": "^10.0.3",
        "pathe": "^2.0.3",
        "rolldown": "^1.0.0-beta.43",
        "rollup": "^4.52.5",
        "tsdown": "^0.15.8",
        "typescript": "^5.9.3",
        "vite": "^7.1.10",
        "vitest": "^3.2.4",
        "vue": "3.2.45",
        "vue-tsc": "^3.1.1"
      },
      "engines": {
        "node": ">=14"
      },
      "funding": {
        "url": "https://github.com/sponsors/antfu"
      },
      "peerDependencies": {
        "@babel/parser": "^7.15.8",
        "@nuxt/kit": "^3.2.2 || ^4.0.0",
        "vue": "2 || 3"
      },
      "peerDependenciesMeta": {
        "@babel/parser": {
          "optional": true
        },
        "@nuxt/kit": {
          "optional": true
        }
      }
    },
    "../../node_modules/.pnpm/vite-plugin-monaco-editor@1.1.0_monaco-editor@0.52.2/node_modules/vite-plugin-monaco-editor": {
      "version": "1.1.0",
      "extraneous": true,
      "license": "MIT",
      "devDependencies": {
        "@okikio/sharedworker": "^1.0.3",
        "@types/fs-extra": "^9.0.13",
        "@types/node": "^16.4.13",
        "@vitejs/plugin-vue": "^1.4.0",
        "@vue/compiler-sfc": "^3.1.5",
        "fs-extra": "^10.0.0",
        "http-server": "^13.0.2",
        "monaco-editor": "^0.33.0",
        "monaco-graphql": "^0.4.4",
        "typescript": "^4.3.5",
        "vite": "^2.4.4",
        "vue": "^3.1.5",
        "vue-router": "^4.0.12"
      },
      "peerDependencies": {
        "monaco-editor": ">=0.33.0"
      }
    },
    "../../node_modules/.pnpm/vite@7.3.1_@types+node@22.18.0_sass@1.92.0_tsx@4.21.0_yaml@2.8.1/node_modules/vite": {
      "version": "7.3.1",
      "extraneous": true,
      "license": "MIT",
      "dependencies": {
        "esbuild": "^0.27.0",
        "fdir": "^6.5.0",
        "picomatch": "^4.0.3",
        "postcss": "^8.5.6",
        "rollup": "^4.43.0",
        "tinyglobby": "^0.2.15"
      },
      "bin": {
        "vite": "bin/vite.js"
      },
      "devDependencies": {
        "@babel/parser": "^7.28.5",
        "@jridgewell/remapping": "^2.3.5",
        "@jridgewell/trace-mapping": "^0.3.31",
        "@oxc-project/types": "0.95.0",
        "@polka/compression": "^1.0.0-next.25",
        "@rolldown/pluginutils": "^1.0.0-beta.52",
        "@rollup/plugin-alias": "^5.1.1",
        "@rollup/plugin-commonjs": "^29.0.0",
        "@rollup/plugin-dynamic-import-vars": "2.1.4",
        "@rollup/pluginutils": "^5.3.0",
        "@types/escape-html": "^1.0.4",
        "@types/pnpapi": "^0.0.5",
        "artichokie": "^0.4.2",
        "baseline-browser-mapping": "^2.8.32",
        "cac": "^6.7.14",
        "chokidar": "^3.6.0",
        "connect": "^3.7.0",
        "convert-source-map": "^2.0.0",
        "cors": "^2.8.5",
        "cross-spawn": "^7.0.6",
        "dotenv": "^17.2.3",
        "dotenv-expand": "^12.0.3",
        "es-module-lexer": "^1.7.0",
        "escape-html": "^1.0.3",
        "estree-walker": "^3.0.3",
        "etag": "^1.8.1",
        "host-validation-middleware": "^0.1.2",
        "http-proxy-3": "^1.22.0",
        "launch-editor-middleware": "^2.12.0",
        "lightningcss": "^1.30.2",
        "magic-string": "^0.30.21",
        "mlly": "^1.8.0",
        "mrmime": "^2.0.1",
        "nanoid": "^5.1.6",
        "obug": "^1.0.2",
        "open": "^10.2.0",
        "parse5": "^8.0.0",
        "pathe": "^2.0.3",
        "periscopic": "^4.0.2",
        "picocolors": "^1.1.1",
        "postcss-import": "^16.1.1",
        "postcss-load-config": "^6.0.1",
        "postcss-modules": "^6.0.1",
        "premove": "^4.0.0",
        "resolve.exports": "^2.0.3",
        "rolldown": "^1.0.0-beta.52",
        "rolldown-plugin-dts": "^0.18.1",
        "rollup-plugin-license": "^3.6.0",
        "sass": "^1.94.2",
        "sass-embedded": "^1.93.3",
        "sirv": "^3.0.2",
        "strip-literal": "^3.1.0",
        "terser": "^5.44.1",
        "tsconfck": "^3.1.6",
        "ufo": "^1.6.1",
        "ws": "^8.18.3"
      },
      "engines": {
        "node": "^20.19.0 || >=22.12.0"
      },
      "funding": {
        "url": "https://github.com/vitejs/vite?sponsor=1"
      },
      "optionalDependencies": {
        "fsevents": "~2.3.3"
      },
      "peerDependencies": {
        "@types/node": "^20.19.0 || >=22.12.0",
        "jiti": ">=1.21.0",
        "less": "^4.0.0",
        "lightningcss": "^1.21.0",
        "sass": "^1.70.0",
        "sass-embedded": "^1.70.0",
        "stylus": ">=0.54.8",
        "sugarss": "^5.0.0",
        "terser": "^5.16.0",
        "tsx": "^4.8.1",
        "yaml": "^2.4.2"
      },
      "peerDependenciesMeta": {
        "@types/node": {
          "optional": true
        },
        "jiti": {
          "optional": true
        },
        "less": {
          "optional": true
        },
        "lightningcss": {
          "optional": true
        },
        "sass": {
          "optional": true
        },
        "sass-embedded": {
          "optional": true
        },
        "stylus": {
          "optional": true
        },
        "sugarss": {
          "optional": true
        },
        "terser": {
          "optional": true
        },
        "tsx": {
          "optional": true
        },
        "yaml": {
          "optional": true
        }
      }
    },
    "../../node_modules/.pnpm/vitest@3.2.4_@types+node@22.18.0_sass@1.92.0_tsx@4.21.0_yaml@2.8.1/node_modules/vitest": {
      "version": "3.2.4",
      "extraneous": true,
      "license": "MIT",
      "dependencies": {
        "@types/chai": "^5.2.2",
        "@vitest/expect": "3.2.4",
        "@vitest/mocker": "3.2.4",
        "@vitest/pretty-format": "^3.2.4",
        "@vitest/runner": "3.2.4",
        "@vitest/snapshot": "3.2.4",
        "@vitest/spy": "3.2.4",
        "@vitest/utils": "3.2.4",
        "chai": "^5.2.0",
        "debug": "^4.4.1",
        "expect-type": "^1.2.1",
        "magic-string": "^0.30.17",
        "pathe": "^2.0.3",
        "picomatch": "^4.0.2",
        "std-env": "^3.9.0",
        "tinybench": "^2.9.0",
        "tinyexec": "^0.3.2",
        "tinyglobby": "^0.2.14",
        "tinypool": "^1.1.1",
        "tinyrainbow": "^2.0.0",
        "vite": "^5.0.0 || ^6.0.0 || ^7.0.0-0",
        "vite-node": "3.2.4",
        "why-is-node-running": "^2.3.0"
      },
      "bin": {
        "vitest": "vitest.mjs"
      },
      "devDependencies": {
        "@ampproject/remapping": "^2.3.0",
        "@antfu/install-pkg": "^1.1.0",
        "@edge-runtime/vm": "^5.0.0",
        "@sinonjs/fake-timers": "14.0.0",
        "@types/debug": "^4.1.12",
        "@types/estree": "^1.0.8",
        "@types/istanbul-lib-coverage": "^2.0.6",
        "@types/istanbul-reports": "^3.0.4",
        "@types/jsdom": "^21.1.7",
        "@types/mime": "^4.0.0",
        "@types/node": "^22.15.32",
        "@types/picomatch": "^4.0.0",
        "@types/prompts": "^2.4.9",
        "@types/sinonjs__fake-timers": "^8.1.5",
        "acorn-walk": "^8.3.4",
        "birpc": "2.4.0",
        "cac": "^6.7.14",
        "chai-subset": "^1.6.0",
        "find-up": "^6.3.0",
        "flatted": "^3.3.3",
        "happy-dom": "^17.6.3",
        "jsdom": "^26.1.0",
        "local-pkg": "^1.1.1",
        "mime": "^4.0.7",
        "pretty-format": "^29.7.0",
        "prompts": "^2.4.2",
        "strip-literal": "^3.0.0",
        "ws": "^8.18.2"
      },
      "engines": {
        "node": "^18.0.0 || ^20.0.0 || >=22.0.0"
      },
      "funding": {
        "url": "https://opencollective.com/vitest"
      },
      "peerDependencies": {
        "@edge-runtime/vm": "*",
        "@types/debug": "^4.1.12",
        "@types/node": "^18.0.0 || ^20.0.0 || >=22.0.0",
        "@vitest/browser": "3.2.4",
        "@vitest/ui": "3.2.4",
        "happy-dom": "*",
        "jsdom": "*"
      },
      "peerDependenciesMeta": {
        "@edge-runtime/vm": {
          "optional": true
        },
        "@types/debug": {
          "optional": true
        },
        "@types/node": {
          "optional": true
        },
        "@vitest/browser": {
          "optional": true
        },
        "@vitest/ui": {
          "optional": true
        },
        "happy-dom": {
          "optional": true
        },
        "jsdom": {
          "optional": true
        }
      }
    },
    "../../node_modules/.pnpm/vue-echarts@7.0.3_@vue+runtime-core@3.5.21_echarts@5.6.0_vue@3.5.21_typescript@4.9.5_/node_modules/vue-echarts": {
      "version": "7.0.3",
      "extraneous": true,
      "license": "MIT",
      "dependencies": {
        "vue-demi": "^0.13.11"
      },
      "devDependencies": {
        "@babel/core": "^7.24.9",
        "@highlightjs/vue-plugin": "^2.1.0",
        "@rollup/plugin-node-resolve": "^15.2.3",
        "@rollup/plugin-replace": "^5.0.7",
        "@typescript-eslint/eslint-plugin": "^7.17.0",
        "@typescript-eslint/parser": "^7.17.0",
        "@vercel/analytics": "^1.3.1",
        "@vue/cli-plugin-babel": "^5.0.8",
        "@vue/cli-plugin-eslint": "^5.0.8",
        "@vue/cli-plugin-typescript": "^5.0.8",
        "@vue/cli-service": "^5.0.8",
        "@vue/compiler-sfc": "^3.4.33",
        "@vue/eslint-config-prettier": "^9.0.0",
        "@vue/eslint-config-typescript": "^13.0.0",
        "@vueuse/core": "^10.11.0",
        "comment-mark": "^1.1.1",
        "core-js": "^3.37.1",
        "echarts": "^5.5.1",
        "echarts-gl": "^2.0.9",
        "echarts-liquidfill": "^3.1.0",
        "esbuild-wasm": "^0.23.0",
        "eslint": "^8.57.0",
        "eslint-plugin-prettier": "^5.2.1",
        "eslint-plugin-vue": "^9.27.0",
        "highlight.js": "^11.10.0",
        "pinia": "^2.1.7",
        "postcss": "^8.4.39",
        "postcss-loader": "^8.1.1",
        "postcss-nested": "^6.2.0",
        "prettier": "^3.3.3",
        "publint": "^0.2.9",
        "raw-loader": "^4.0.2",
        "resize-detector": "^0.3.0",
        "rimraf": "^6.0.1",
        "rollup": "^4.19.0",
        "rollup-plugin-dts": "^6.1.0",
        "rollup-plugin-esbuild": "^6.1.1",
        "rollup-plugin-import-css": "^3.5.1",
        "tslib": "^2.6.3",
        "typescript": "5.5.4",
        "vue": "^3.4.33",
        "vue2": "npm:vue@^2.7.16",
        "webpack": "^5.93.0"
      },
      "peerDependencies": {
        "@vue/runtime-core": "^3.0.0",
        "echarts": "^5.5.1",
        "vue": "^2.7.0 || ^3.1.1"
      },
      "peerDependenciesMeta": {
        "@vue/runtime-core": {
          "optional": true
        }
      }
    },
    "../../node_modules/.pnpm/vue-i18n@11.2.8_vue@3.5.21_typescript@4.9.5_/node_modules/vue-i18n": {
      "version": "11.2.8",
      "extraneous": true,
      "license": "MIT",
      "dependencies": {
        "@intlify/core-base": "11.2.8",
        "@intlify/shared": "11.2.8",
        "@vue/devtools-api": "^6.5.0"
      },
      "devDependencies": {
        "@intlify/devtools-types": "11.2.8"
      },
      "engines": {
        "node": ">= 16"
      },
      "funding": {
        "url": "https://github.com/sponsors/kazupon"
      },
      "peerDependencies": {
        "vue": "^3.0.0"
      }
    },
    "../../node_modules/.pnpm/vue-router@4.6.4_vue@3.5.21_typescript@4.9.5_/node_modules/vue-router": {
      "version": "4.6.4",
      "extraneous": true,
      "license": "MIT",
      "dependencies": {
        "@vue/devtools-api": "^6.6.4"
      },
      "devDependencies": {
        "@rollup/plugin-commonjs": "^28.0.7",
        "@rollup/plugin-node-resolve": "^16.0.3",
        "@rollup/plugin-replace": "^6.0.2",
        "@rollup/plugin-terser": "^0.4.4",
        "@types/jsdom": "^21.1.7",
        "@types/nightwatch": "^2.3.32",
        "@typescript/native-preview": "7.0.0-dev.20251013.1",
        "@vitejs/plugin-vue": "^6.0.1",
        "@vue/compiler-sfc": "~3.5.22",
        "@vue/server-renderer": "~3.5.22",
        "@vue/test-utils": "^2.4.6",
        "browserstack-local": "^1.5.8",
        "chromedriver": "^138.0.5",
        "connect-history-api-fallback": "^1.6.0",
        "dotenv": "^17.2.3",
        "faked-promise": "^2.2.2",
        "geckodriver": "^6.0.2",
        "happy-dom": "^20.0.0",
        "nightwatch": "^3.12.2",
        "nightwatch-helpers": "^1.2.0",
        "rimraf": "^6.0.1",
        "rollup": "^4.52.4",
        "rollup-plugin-typescript2": "^0.36.0",
        "tsdown": "^0.17.2",
        "tsup": "^8.5.0",
        "vite": "^7.1.10",
        "vue": "~3.6.0-alpha.2"
      },
      "funding": {
        "url": "https://github.com/sponsors/posva"
      },
      "peerDependencies": {
        "vue": "^3.5.0"
      }
    },
    "../../node_modules/.pnpm/vue@3.5.21_typescript@4.9.5/node_modules/vue": {
      "version": "3.5.21",
      "extraneous": true,
      "license": "MIT",
      "dependencies": {
        "@vue/compiler-dom": "3.5.21",
        "@vue/compiler-sfc": "3.5.21",
        "@vue/runtime-dom": "3.5.21",
        "@vue/server-renderer": "3.5.21",
        "@vue/shared": "3.5.21"
      },
      "peerDependencies": {
        "typescript": "*"
      },
      "peerDependenciesMeta": {
        "typescript": {
          "optional": true
        }
      }
    },
    "../../node_modules/.pnpm/vue3-runtime-template@1.0.2_typescript@4.9.5/node_modules/vue3-runtime-template": {
      "version": "1.0.2",
      "extraneous": true,
      "license": "MIT",
      "dependencies": {
        "vue": "^3.0.0"
      },
      "devDependencies": {
        "acorn": "^8.0.4",
        "microbundle": "^0.11.0"
      }
    },
    "node_modules/express": {
      "resolved": "../../node_modules/.pnpm/express@4.19.2/node_modules/express",
      "link": true
    }
  }
}
