{
  "name": "@qelos/gateway",
  "version": "3.10.0",
  "lockfileVersion": 3,
  "requires": true,
  "packages": {
    "": {
      "name": "@qelos/gateway",
      "version": "3.10.0",
      "bundleDependencies": [
        "@qelos/api-kit",
        "@qelos/api-proxy-middleware",
        "@qelos/cache-manager"
      ],
      "license": "MIT",
      "dependencies": {
        "@qelos/api-kit": "*",
        "@qelos/api-proxy-middleware": "*",
        "@qelos/cache-manager": "*",
        "tsx": "^4.20.4"
      },
      "devDependencies": {
        "@types/express": "^4.17.8",
        "@types/node": "^22.5.4",
        "typescript": "^4.9.5"
      },
      "engines": {
        "node": ">=20.x",
        "npm": ">=5"
      }
    },
    "../../node_modules/.pnpm/@types+express@4.17.23/node_modules/@types/express": {
      "version": "4.17.23",
      "dev": true,
      "license": "MIT",
      "dependencies": {
        "@types/body-parser": "*",
        "@types/express-serve-static-core": "^4.17.33",
        "@types/qs": "*",
        "@types/serve-static": "*"
      }
    },
    "../../node_modules/.pnpm/@types+node@22.18.0/node_modules/@types/node": {
      "version": "22.18.0",
      "dev": true,
      "license": "MIT",
      "dependencies": {
        "undici-types": "~6.21.0"
      }
    },
    "../../node_modules/.pnpm/@types+redis@2.8.32/node_modules/@types/redis": {
      "version": "2.8.32",
      "dev": true,
      "license": "MIT",
      "dependencies": {
        "@types/node": "*"
      }
    },
    "../../node_modules/.pnpm/axios@1.11.0/node_modules/axios": {
      "version": "1.11.0",
      "license": "MIT",
      "dependencies": {
        "follow-redirects": "^1.15.6",
        "form-data": "^4.0.4",
        "proxy-from-env": "^1.1.0"
      },
      "devDependencies": {
        "@babel/core": "^7.23.9",
        "@babel/preset-env": "^7.23.9",
        "@commitlint/cli": "^17.8.1",
        "@commitlint/config-conventional": "^17.8.1",
        "@release-it/conventional-changelog": "^5.1.1",
        "@rollup/plugin-alias": "^5.1.0",
        "@rollup/plugin-babel": "^5.3.1",
        "@rollup/plugin-commonjs": "^15.1.0",
        "@rollup/plugin-json": "^4.1.0",
        "@rollup/plugin-multi-entry": "^4.1.0",
        "@rollup/plugin-node-resolve": "^9.0.0",
        "abortcontroller-polyfill": "^1.7.5",
        "auto-changelog": "^2.4.0",
        "body-parser": "^1.20.2",
        "chalk": "^5.3.0",
        "coveralls": "^3.1.1",
        "cross-env": "^7.0.3",
        "dev-null": "^0.1.1",
        "dtslint": "^4.2.1",
        "es6-promise": "^4.2.8",
        "eslint": "^8.56.0",
        "express": "^4.18.2",
        "formdata-node": "^5.0.1",
        "formidable": "^2.1.2",
        "fs-extra": "^10.1.0",
        "get-stream": "^3.0.0",
        "gulp": "^4.0.2",
        "gzip-size": "^7.0.0",
        "handlebars": "^4.7.8",
        "husky": "^8.0.3",
        "istanbul-instrumenter-loader": "^3.0.1",
        "jasmine-core": "^2.99.1",
        "karma": "^6.3.17",
        "karma-chrome-launcher": "^3.2.0",
        "karma-firefox-launcher": "^2.1.2",
        "karma-jasmine": "^1.1.2",
        "karma-jasmine-ajax": "^0.1.13",
        "karma-rollup-preprocessor": "^7.0.8",
        "karma-safari-launcher": "^1.0.0",
        "karma-sauce-launcher": "^4.3.6",
        "karma-sinon": "^1.0.5",
        "karma-sourcemap-loader": "^0.3.8",
        "memoizee": "^0.4.15",
        "minimist": "^1.2.8",
        "mocha": "^10.3.0",
        "multer": "^1.4.4",
        "pretty-bytes": "^6.1.1",
        "release-it": "^15.11.0",
        "rollup": "^2.79.1",
        "rollup-plugin-auto-external": "^2.0.0",
        "rollup-plugin-bundle-size": "^1.0.3",
        "rollup-plugin-terser": "^7.0.2",
        "sinon": "^4.5.0",
        "stream-throttle": "^0.1.3",
        "string-replace-async": "^3.0.2",
        "terser-webpack-plugin": "^4.2.3",
        "typescript": "^4.9.5"
      }
    },
    "../../node_modules/.pnpm/cors@2.8.5/node_modules/cors": {
      "version": "2.8.5",
      "license": "MIT",
      "dependencies": {
        "object-assign": "^4",
        "vary": "^1"
      },
      "devDependencies": {
        "after": "0.8.2",
        "eslint": "2.13.1",
        "express": "4.16.3",
        "mocha": "5.2.0",
        "nyc": "13.1.0",
        "supertest": "3.3.0"
      },
      "engines": {
        "node": ">= 0.10"
      }
    },
    "../../node_modules/.pnpm/express@4.19.2/node_modules/express": {
      "version": "4.19.2",
      "license": "MIT",
      "dependencies": {
        "accepts": "~1.3.8",
        "array-flatten": "1.1.1",
        "body-parser": "1.20.2",
        "content-disposition": "0.5.4",
        "content-type": "~1.0.4",
        "cookie": "0.6.0",
        "cookie-signature": "1.0.6",
        "debug": "2.6.9",
        "depd": "2.0.0",
        "encodeurl": "~1.0.2",
        "escape-html": "~1.0.3",
        "etag": "~1.8.1",
        "finalhandler": "1.2.0",
        "fresh": "0.5.2",
        "http-errors": "2.0.0",
        "merge-descriptors": "1.0.1",
        "methods": "~1.1.2",
        "on-finished": "2.4.1",
        "parseurl": "~1.3.3",
        "path-to-regexp": "0.1.7",
        "proxy-addr": "~2.0.7",
        "qs": "6.11.0",
        "range-parser": "~1.2.1",
        "safe-buffer": "5.2.1",
        "send": "0.18.0",
        "serve-static": "1.15.0",
        "setprototypeof": "1.2.0",
        "statuses": "2.0.1",
        "type-is": "~1.6.18",
        "utils-merge": "1.0.1",
        "vary": "~1.1.2"
      },
      "devDependencies": {
        "after": "0.8.2",
        "connect-redis": "3.4.2",
        "cookie-parser": "1.4.6",
        "cookie-session": "2.0.0",
        "ejs": "3.1.9",
        "eslint": "8.47.0",
        "express-session": "1.17.2",
        "hbs": "4.2.0",
        "marked": "0.7.0",
        "method-override": "3.0.0",
        "mocha": "10.2.0",
        "morgan": "1.10.0",
        "nyc": "15.1.0",
        "pbkdf2-password": "1.2.1",
        "supertest": "6.3.0",
        "vhost": "~3.0.2"
      },
      "engines": {
        "node": ">= 0.10.0"
      }
    },
    "../../node_modules/.pnpm/http-proxy-middleware@2.0.9_@types+express@4.17.23/node_modules/http-proxy-middleware": {
      "version": "2.0.9",
      "license": "MIT",
      "dependencies": {
        "@types/http-proxy": "^1.17.8",
        "http-proxy": "^1.18.1",
        "is-glob": "^4.0.1",
        "is-plain-obj": "^3.0.0",
        "micromatch": "^4.0.2"
      },
      "devDependencies": {
        "@commitlint/cli": "16.2.1",
        "@commitlint/config-conventional": "16.2.1",
        "@types/express": "4.17.13",
        "@types/is-glob": "4.0.2",
        "@types/jest": "27.4.0",
        "@types/micromatch": "4.0.2",
        "@types/node": "17.0.18",
        "@types/supertest": "2.0.11",
        "@types/ws": "8.2.2",
        "@typescript-eslint/eslint-plugin": "5.12.0",
        "@typescript-eslint/parser": "5.12.0",
        "body-parser": "1.19.2",
        "browser-sync": "2.27.7",
        "connect": "3.7.0",
        "eslint": "8.9.0",
        "eslint-config-prettier": "8.3.0",
        "eslint-plugin-prettier": "4.0.0",
        "express": "4.17.3",
        "get-port": "5.1.1",
        "husky": "7.0.4",
        "jest": "27.5.1",
        "lint-staged": "12.3.4",
        "mockttp": "2.6.0",
        "open": "8.4.0",
        "prettier": "2.5.1",
        "supertest": "6.2.2",
        "ts-jest": "27.1.3",
        "typescript": "4.5.5",
        "ws": "8.5.0"
      },
      "engines": {
        "node": ">=12.0.0"
      },
      "peerDependencies": {
        "@types/express": "^4.17.13"
      },
      "peerDependenciesMeta": {
        "@types/express": {
          "optional": true
        }
      }
    },
    "../../node_modules/.pnpm/morgan@1.10.1/node_modules/morgan": {
      "version": "1.10.1",
      "license": "MIT",
      "dependencies": {
        "basic-auth": "~2.0.1",
        "debug": "2.6.9",
        "depd": "~2.0.0",
        "on-finished": "~2.3.0",
        "on-headers": "~1.1.0"
      },
      "devDependencies": {
        "eslint": "6.8.0",
        "eslint-config-standard": "14.1.1",
        "eslint-plugin-import": "2.20.2",
        "eslint-plugin-markdown": "1.0.2",
        "eslint-plugin-node": "11.1.0",
        "eslint-plugin-promise": "4.2.1",
        "eslint-plugin-standard": "4.0.1",
        "mocha": "10.4.0",
        "nyc": "15.1.0",
        "split": "1.0.1",
        "supertest": "4.0.2"
      },
      "engines": {
        "node": ">= 0.8.0"
      }
    },
    "../../node_modules/.pnpm/node-fetch@2.7.0/node_modules/node-fetch": {
      "version": "2.7.0",
      "license": "MIT",
      "dependencies": {
        "whatwg-url": "^5.0.0"
      },
      "devDependencies": {
        "@ungap/url-search-params": "^0.1.2",
        "abort-controller": "^1.1.0",
        "abortcontroller-polyfill": "^1.3.0",
        "babel-core": "^6.26.3",
        "babel-plugin-istanbul": "^4.1.6",
        "babel-plugin-transform-async-generator-functions": "^6.24.1",
        "babel-polyfill": "^6.26.0",
        "babel-preset-env": "1.4.0",
        "babel-register": "^6.16.3",
        "chai": "^3.5.0",
        "chai-as-promised": "^7.1.1",
        "chai-iterator": "^1.1.1",
        "chai-string": "~1.3.0",
        "codecov": "3.3.0",
        "cross-env": "^5.2.0",
        "form-data": "^2.3.3",
        "is-builtin-module": "^1.0.0",
        "mocha": "^5.0.0",
        "nyc": "11.9.0",
        "parted": "^0.1.1",
        "promise": "^8.0.3",
        "resumer": "0.0.0",
        "rollup": "^0.63.4",
        "rollup-plugin-babel": "^3.0.7",
        "string-to-arraybuffer": "^1.0.2",
        "teeny-request": "3.7.0"
      },
      "engines": {
        "node": "4.x || >=6.0.0"
      },
      "peerDependencies": {
        "encoding": "^0.1.0"
      },
      "peerDependenciesMeta": {
        "encoding": {
          "optional": true
        }
      }
    },
    "../../node_modules/.pnpm/redis@3.1.2/node_modules/redis": {
      "version": "3.1.2",
      "license": "MIT",
      "dependencies": {
        "denque": "^1.5.0",
        "redis-commands": "^1.7.0",
        "redis-errors": "^1.2.0",
        "redis-parser": "^3.0.0"
      },
      "devDependencies": {
        "bluebird": "^3.7.2",
        "coveralls": "^3.1.0",
        "cross-spawn": "^7.0.3",
        "eslint": "^7.21.0",
        "intercept-stdout": "~0.1.2",
        "metrics": "^0.1.21",
        "mocha": "^8.3.0",
        "nyc": "^15.1.0",
        "prettier": "^2.2.1",
        "tcp-port-used": "^1.0.1",
        "uuid": "^8.3.2"
      },
      "engines": {
        "node": ">=10"
      },
      "funding": {
        "type": "opencollective",
        "url": "https://opencollective.com/node-redis"
      }
    },
    "../../node_modules/.pnpm/tsx@4.20.5/node_modules/tsx": {
      "version": "4.20.5",
      "license": "MIT",
      "dependencies": {
        "esbuild": "~0.25.0",
        "get-tsconfig": "^4.7.5"
      },
      "bin": {
        "tsx": "dist/cli.mjs"
      },
      "engines": {
        "node": ">=18.0.0"
      },
      "optionalDependencies": {
        "fsevents": "~2.3.3"
      }
    },
    "../../node_modules/.pnpm/typescript@4.9.5/node_modules/typescript": {
      "version": "4.9.5",
      "dev": true,
      "license": "Apache-2.0",
      "bin": {
        "tsc": "bin/tsc",
        "tsserver": "bin/tsserver"
      },
      "devDependencies": {
        "@octokit/rest": "latest",
        "@types/chai": "latest",
        "@types/fancy-log": "^2.0.0",
        "@types/fs-extra": "^9.0.13",
        "@types/glob": "latest",
        "@types/gulp": "^4.0.9",
        "@types/gulp-concat": "latest",
        "@types/gulp-newer": "latest",
        "@types/gulp-rename": "latest",
        "@types/gulp-sourcemaps": "latest",
        "@types/merge2": "latest",
        "@types/microsoft__typescript-etw": "latest",
        "@types/minimist": "latest",
        "@types/mkdirp": "latest",
        "@types/mocha": "latest",
        "@types/ms": "latest",
        "@types/node": "latest",
        "@types/source-map-support": "latest",
        "@types/which": "^2.0.1",
        "@types/xml2js": "^0.4.11",
        "@typescript-eslint/eslint-plugin": "^5.33.1",
        "@typescript-eslint/parser": "^5.33.1",
        "@typescript-eslint/utils": "^5.33.1",
        "azure-devops-node-api": "^11.2.0",
        "chai": "latest",
        "chalk": "^4.1.2",
        "del": "^6.1.1",
        "diff": "^5.1.0",
        "eslint": "^8.22.0",
        "eslint-formatter-autolinkable-stylish": "^1.2.0",
        "eslint-plugin-import": "^2.26.0",
        "eslint-plugin-jsdoc": "^39.3.6",
        "eslint-plugin-local": "^1.0.0",
        "eslint-plugin-no-null": "^1.0.2",
        "fancy-log": "latest",
        "fs-extra": "^9.1.0",
        "glob": "latest",
        "gulp": "^4.0.2",
        "gulp-concat": "latest",
        "gulp-insert": "latest",
        "gulp-newer": "latest",
        "gulp-rename": "latest",
        "gulp-sourcemaps": "latest",
        "merge2": "latest",
        "minimist": "latest",
        "mkdirp": "latest",
        "mocha": "latest",
        "mocha-fivemat-progress-reporter": "latest",
        "ms": "^2.1.3",
        "node-fetch": "^3.2.10",
        "source-map-support": "latest",
        "typescript": "^4.8.4",
        "vinyl": "latest",
        "which": "^2.0.2",
        "xml2js": "^0.4.23"
      },
      "engines": {
        "node": ">=4.2.0"
      }
    },
    "../../node_modules/.pnpm/typescript@5.6.3/node_modules/typescript": {
      "version": "5.6.3",
      "dev": true,
      "license": "Apache-2.0",
      "bin": {
        "tsc": "bin/tsc",
        "tsserver": "bin/tsserver"
      },
      "devDependencies": {
        "@dprint/formatter": "^0.4.1",
        "@dprint/typescript": "0.91.6",
        "@esfx/canceltoken": "^1.0.0",
        "@eslint/js": "^9.9.0",
        "@octokit/rest": "^21.0.1",
        "@types/chai": "^4.3.17",
        "@types/diff": "^5.2.1",
        "@types/minimist": "^1.2.5",
        "@types/mocha": "^10.0.7",
        "@types/ms": "^0.7.34",
        "@types/node": "latest",
        "@types/source-map-support": "^0.5.10",
        "@types/which": "^3.0.4",
        "@typescript-eslint/rule-tester": "^8.1.0",
        "@typescript-eslint/type-utils": "^8.1.0",
        "@typescript-eslint/utils": "^8.1.0",
        "azure-devops-node-api": "^14.0.2",
        "c8": "^10.1.2",
        "chai": "^4.5.0",
        "chalk": "^4.1.2",
        "chokidar": "^3.6.0",
        "diff": "^5.2.0",
        "dprint": "^0.47.2",
        "esbuild": "^0.23.0",
        "eslint": "^9.9.0",
        "eslint-formatter-autolinkable-stylish": "^1.4.0",
        "eslint-plugin-regexp": "^2.6.0",
        "fast-xml-parser": "^4.4.1",
        "glob": "^10.4.5",
        "globals": "^15.9.0",
        "hereby": "^1.9.0",
        "jsonc-parser": "^3.3.1",
        "knip": "^5.27.2",
        "minimist": "^1.2.8",
        "mocha": "^10.7.3",
        "mocha-fivemat-progress-reporter": "^0.1.0",
        "monocart-coverage-reports": "^2.10.2",
        "ms": "^2.1.3",
        "node-fetch": "^3.3.2",
        "playwright": "^1.46.0",
        "source-map-support": "^0.5.21",
        "tslib": "^2.6.3",
        "typescript": "^5.5.4",
        "typescript-eslint": "^8.1.0",
        "which": "^3.0.1"
      },
      "engines": {
        "node": ">=14.17"
      }
    },
    "../../packages/api-kit": {
      "name": "@qelos/api-kit",
      "version": "3.10.0",
      "license": "MIT",
      "dependencies": {
        "axios": "^1.7.7",
        "cors": "^2.8.5",
        "express": "4.19.2",
        "morgan": "^1.10.0"
      },
      "devDependencies": {
        "@types/node": "^22.5.4",
        "typescript": "^5.4.5"
      }
    },
    "../../packages/api-kit/node_modules/@types/node": {
      "resolved": "../../node_modules/.pnpm/@types+node@22.18.0/node_modules/@types/node",
      "link": true
    },
    "../../packages/api-kit/node_modules/axios": {
      "resolved": "../../node_modules/.pnpm/axios@1.11.0/node_modules/axios",
      "link": true
    },
    "../../packages/api-kit/node_modules/cors": {
      "resolved": "../../node_modules/.pnpm/cors@2.8.5/node_modules/cors",
      "link": true
    },
    "../../packages/api-kit/node_modules/express": {
      "resolved": "../../node_modules/.pnpm/express@4.19.2/node_modules/express",
      "link": true
    },
    "../../packages/api-kit/node_modules/morgan": {
      "resolved": "../../node_modules/.pnpm/morgan@1.10.1/node_modules/morgan",
      "link": true
    },
    "../../packages/api-kit/node_modules/typescript": {
      "resolved": "../../node_modules/.pnpm/typescript@5.6.3/node_modules/typescript",
      "link": true
    },
    "../../packages/api-proxy-middleware": {
      "name": "@qelos/api-proxy-middleware",
      "version": "3.10.0",
      "license": "MIT",
      "dependencies": {
        "cors": "^2.8.5",
        "http-proxy-middleware": "^2.0.2",
        "node-fetch": "^2.6.7"
      },
      "devDependencies": {
        "typescript": "^4.9.5"
      }
    },
    "../../packages/api-proxy-middleware/node_modules/cors": {
      "resolved": "../../node_modules/.pnpm/cors@2.8.5/node_modules/cors",
      "link": true
    },
    "../../packages/api-proxy-middleware/node_modules/http-proxy-middleware": {
      "resolved": "../../node_modules/.pnpm/http-proxy-middleware@2.0.9_@types+express@4.17.23/node_modules/http-proxy-middleware",
      "link": true
    },
    "../../packages/api-proxy-middleware/node_modules/node-fetch": {
      "resolved": "../../node_modules/.pnpm/node-fetch@2.7.0/node_modules/node-fetch",
      "link": true
    },
    "../../packages/api-proxy-middleware/node_modules/typescript": {
      "resolved": "../../node_modules/.pnpm/typescript@4.9.5/node_modules/typescript",
      "link": true
    },
    "../../packages/cache-manager": {
      "name": "@qelos/cache-manager",
      "version": "3.10.0",
      "license": "MIT",
      "dependencies": {
        "redis": "3.1.2"
      },
      "devDependencies": {
        "@types/redis": "^2.8.32",
        "typescript": "^4.9.5"
      }
    },
    "../../packages/cache-manager/node_modules/@types/redis": {
      "resolved": "../../node_modules/.pnpm/@types+redis@2.8.32/node_modules/@types/redis",
      "link": true
    },
    "../../packages/cache-manager/node_modules/redis": {
      "resolved": "../../node_modules/.pnpm/redis@3.1.2/node_modules/redis",
      "link": true
    },
    "../../packages/cache-manager/node_modules/typescript": {
      "resolved": "../../node_modules/.pnpm/typescript@4.9.5/node_modules/typescript",
      "link": true
    },
    "node_modules/@qelos/api-kit": {
      "resolved": "../../packages/api-kit",
      "link": true
    },
    "node_modules/@qelos/api-proxy-middleware": {
      "resolved": "../../packages/api-proxy-middleware",
      "link": true
    },
    "node_modules/@qelos/cache-manager": {
      "resolved": "../../packages/cache-manager",
      "link": true
    },
    "node_modules/@types/express": {
      "resolved": "../../node_modules/.pnpm/@types+express@4.17.23/node_modules/@types/express",
      "link": true
    },
    "node_modules/@types/node": {
      "resolved": "../../node_modules/.pnpm/@types+node@22.18.0/node_modules/@types/node",
      "link": true
    },
    "node_modules/tsx": {
      "resolved": "../../node_modules/.pnpm/tsx@4.20.5/node_modules/tsx",
      "link": true
    },
    "node_modules/typescript": {
      "resolved": "../../node_modules/.pnpm/typescript@4.9.5/node_modules/typescript",
      "link": true
    }
  }
}
